Microsoft Visual Studio Solution File, Format Version 11.00
# Visual Studio 2008

Project("{556CA370-309B-167F-A8E0-EF881CDED9DB}") = "runningDownDaFleas1", "Assembly-CSharp.csproj", "{1F35B713-088E-7717-ECF0-9CFD538114D1}"
EndProject
Global
	GlobalSection(SolutionConfigurationPlatforms) = preSolution
		Debug|Any CPU = Debug|Any CPU
		Release|Any CPU = Release|Any CPU
	EndGlobalSection
	GlobalSection(ProjectConfigurationPlatforms) = postSolution
		{1F35B713-088E-7717-ECF0-9CFD538114D1}.Debug|Any CPU.ActiveCfg = Debug|Any CPU
		{1F35B713-088E-7717-ECF0-9CFD538114D1}.Debug|Any CPU.Build.0 = Debug|Any CPU
		{1F35B713-088E-7717-ECF0-9CFD538114D1}.Release|Any CPU.ActiveCfg = Release|Any CPU
		{1F35B713-088E-7717-ECF0-9CFD538114D1}.Release|Any CPU.Build.0 = Release|Any CPU
	EndGlobalSection
	GlobalSection(SolutionProperties) = preSolution
		HideSolutionNode = FALSE
	EndGlobalSection
	GlobalSection(MonoDevelopProperties) = preSolution
		StartupItem = Assembly-CSharp.csproj
	EndGlobalSection
EndGlobal
